// !$*UTF8*$!
{
	archiveVersion = 1;
	classes = {
	};
	objectVersion = 50;
	objects = {

/* Begin PBXBuildFile section */
		7DAFCDA426DD9209006A68F4 /* AppDelegate.swift in Sources */ = {isa = PBXBuildFile; fileRef = 7DAFCDA326DD9209006A68F4 /* AppDelegate.swift */; };
		7DAFCDA626DD9209006A68F4 /* ViewController.swift in Sources */ = {isa = PBXBuildFile; fileRef = 7DAFCDA526DD9209006A68F4 /* ViewController.swift */; };
		7DAFCDA826DD920C006A68F4 /* Assets.xcassets in Resources */ = {isa = PBXBuildFile; fileRef = 7DAFCDA726DD920C006A68F4 /* Assets.xcassets */; };
		7DAFCDAB26DD920C006A68F4 /* Main.storyboard in Resources */ = {isa = PBXBuildFile; fileRef = 7DAFCDA926DD920C006A68F4 /* Main.storyboard */; };
		7DAFCDB426DD92D7006A68F4 /* Render.swift in Sources */ = {isa = PBXBuildFile; fileRef = 7DAFCDB326DD92D7006A68F4 /* Render.swift */; };
/* End PBXBuildFile section */

/* Begin PBXFileReference section */
		7DAFCDA026DD9209006A68F4 /* UsingMetalToDrawAViewContentsents.app */ = {isa = PBXFileReference; explicitFileType = wrapper.application; includeInIndex = 0; path = UsingMetalToDrawAViewContentsents.app; sourceTree = BUILT_PRODUCTS_DIR; };
		7DAFCDA326DD9209006A68F4 /* AppDelegate.swift */ = {isa = PBXFileReference; lastKnownFileType = sourcecode.swift; path = AppDelegate.swift; sourceTree = "<group>"; };
		7DAFCDA526DD9209006A68F4 /* ViewController.swift */ = {isa = PBXFileReference; lastKnownFileType = sourcecode.swift; path = ViewController.swift; sourceTree = "<group>"; };
		7DAFCDA726DD920C006A68F4 /* Assets.xcassets */ = {isa = PBXFileReference; lastKnownFileType = folder.assetcatalog; path = Assets.xcassets; sourceTree = "<group>"; };
		7DAFCDAA26DD920C006A68F4 /* Base */ = {isa = PBXFileReference; lastKnownFileType = file.storyboard; name = Base; path = Base.lproj/Main.storyboard; sourceTree = "<group>"; };
		7DAFCDAC26DD920C006A68F4 /* Info.plist */ = {isa = PBXFileReference; lastKnownFileType = text.plist.xml; path = Info.plist; sourceTree = "<group>"; };
		7DAFCDAD26DD920C006A68F4 /* UsingMetalToDrawAViewContentsents.entitlements */ = {isa = PBXFileReference; lastKnownFileType = text.plist.entitlements; path = UsingMetalToDrawAViewContentsents.entitlements; sourceTree = "<group>"; };
		7DAFCDB326DD92D7006A68F4 /* Render.swift */ = {isa = PBXFileReference; lastKnownFileType = sourcecode.swift; path = Render.swift; sourceTree = "<group>"; };
/* End PBXFileReference section */

/* Begin PBXFrameworksBuildPhase section */
		7DAFCD9D26DD9209006A68F4 /* Frameworks */ = {
			isa = PBXFrameworksBuildPhase;
			buildActionMask = 2147483647;
			files = (
			);
			runOnlyForDeploymentPostprocessing = 0;
		};
/* End PBXFrameworksBuildPhase section */

/* Begin PBXGroup section */
		7DAFCD9726DD9209006A68F4 = {
			isa = PBXGroup;
			children = (
				7DAFCDA226DD9209006A68F4 /* UsingMetalToDrawAViewContentsents */,
				7DAFCDA126DD9209006A68F4 /* Products */,
			);
			sourceTree = "<group>";
		};
		7DAFCDA126DD9209006A68F4 /* Products */ = {
			isa = PBXGroup;
			children = (
				7DAFCDA026DD9209006A68F4 /* UsingMetalToDrawAViewContentsents.app */,
			);
			name = Products;
			sourceTree = "<group>";
		};
		7DAFCDA226DD9209006A68F4 /* UsingMetalToDrawAViewContentsents */ = {
			isa = PBXGroup;
			children = (
				7DAFCDA326DD9209006A68F4 /* AppDelegate.swift */,
				7DAFCDA526DD9209006A68F4 /* ViewController.swift */,
				7DAFCDA726DD920C006A68F4 /* Assets.xcassets */,
				7DAFCDA926DD920C006A68F4 /* Main.storyboard */,
				7DAFCDAC26DD920C006A68F4 /* Info.plist */,
				7DAFCDAD26DD920C006A68F4 /* UsingMetalToDrawAViewContentsents.entitlements */,
				7DAFCDB326DD92D7006A68F4 /* Render.swift */,
			);
			path = UsingMetalToDrawAViewContentsents;
			sourceTree = "<group>";
		};
/* End PBXGroup section */

/* Begin PBXNativeTarget section */
		7DAFCD9F26DD9209006A68F4 /* UsingMetalToDrawAViewContentsents */ = {
			isa = PBXNativeTarget;
			buildConfigurationList = 7DAFCDB026DD920C006A68F4 /* Build configuration list for PBXNativeTarget "UsingMetalToDrawAViewContentsents" */;
			buildPhases = (
				7DAFCD9C26DD9209006A68F4 /* Sources */,
				7DAFCD9D26DD9209006A68F4 /* Frameworks */,
				7DAFCD9E26DD9209006A68F4 /* Resources */,
			);
			buildRules = (
			);
			dependencies = (
			);
			name = UsingMetalToDrawAViewContentsents;
			productName = UsingMetalToDrawAViewContentsents;
			productReference = 7DAFCDA026DD9209006A68F4 /* UsingMetalToDrawAViewContentsents.app */;
			productType = "com.apple.product-type.application";
		};
/* End PBXNativeTarget section */

/* Begin PBXProject section */
		7DAFCD9826DD9209006A68F4 /* Project object */ = {
			isa = PBXProject;
			attributes = {
				LastSwiftUpdateCheck = 1250;
				LastUpgradeCheck = 1250;
				TargetAttributes = {
					7DAFCD9F26DD9209006A68F4 = {
						CreatedOnToolsVersion = 12.5.1;
					};
				};
			};
			buildConfigurationList = 7DAFCD9B26DD9209006A68F4 /* Build configuration list for PBXProject "UsingMetalToDrawAViewContentsents" */;
			compatibilityVersion = "Xcode 9.3";
			developmentRegion = en;
			hasScannedForEncodings = 0;
			knownRegions = (
				en,
				Base,
			);
			mainGroup = 7DAFCD9726DD9209006A68F4;
			productRefGroup = 7DAFCDA126DD9209006A68F4 /* Products */;
			projectDirPath = "";
			projectRoot = "";
			targets = (
				7DAFCD9F26DD9209006A68F4 /* UsingMetalToDrawAViewContentsents */,
			);
		};
/* End PBXProject section */

/* Begin PBXResourcesBuildPhase section */
		7DAFCD9E26DD9209006A68F4 /* Resources */ = {
			isa = PBXResourcesBuildPhase;
			buildActionMask = 2147483647;
			files = (
				7DAFCDA826DD920C006A68F4 /* Assets.xcassets in Resources */,
				7DAFCDAB26DD920C006A68F4 /* Main.storyboard in Resources */,
			);
			runOnlyForDeploymentPostprocessing = 0;
		};
/* End PBXResourcesBuildPhase section */

/* Begin PBXSourcesBuildPhase section */
		7DAFCD9C26DD9209006A68F4 /* Sources */ = {
			isa = PBXSourcesBuildPhase;
			buildActionMask = 2147483647;
			files = (
				7DAFCDA626DD9209006A68F4 /* ViewController.swift in Sources */,
				7DAFCDA426DD9209006A68F4 /* AppDelegate.swift in Sources */,
				7DAFCDB426DD92D7006A68F4 /* Render.swift in Sources */,
			);
			runOnlyForDeploymentPostprocessing = 0;
		};
/* End PBXSourcesBuildPhase section */

/* Begin PBXVariantGroup section */
		7DAFCDA926DD920C006A68F4 /* Main.storyboard */ = {
			isa = PBXVariantGroup;
			children = (
				7DAFCDAA26DD920C006A68F4 /* Base */,
			);
			name = Main.storyboard;
			sourceTree = "<group>";
		};
/* End PBXVariantGroup section */

/* Begin XCBuildConfiguration section */
		7DAFCDAE26DD920C006A68F4 /* Debug */ = {
			isa = XCBuildConfiguration;
			buildSettings = {
				ALWAYS_SEARCH_USER_PATHS = NO;
				CLANG_ANALYZER_NONNULL = YES;
				CLANG_ANALYZER_NUMBER_OBJECT_CONVERSION = YES_AGGRESSIVE;
				CLANG_CXX_LANGUAGE_STANDARD = "gnu++14";
				CLANG_CXX_LIBRARY = "libc++";
				CLANG_ENABLE_MODULES = YES;
				CLANG_ENABLE_OBJC_ARC = YES;
				CLANG_ENABLE_OBJC_WEAK = YES;
				CLANG_WARN_BLOCK_CAPTURE_AUTORELEASING = YES;
				CLANG_WARN_BOOL_CONVERSION = YES;
				CLANG_WARN_COMMA = YES;
				CLANG_WARN_CONSTANT_CONVERSION = YES;
				CLANG_WARN_DEPRECATED_OBJC_IMPLEMENTATIONS = YES;
				CLANG_WARN_DIRECT_OBJC_ISA_USAGE = YES_ERROR;
				CLANG_WARN_DOCUMENTATION_COMMENTS = YES;
				CLANG_WARN_EMPTY_BODY = YES;
				CLANG_WARN_ENUM_CONVERSION = YES;
				CLANG_WARN_INFINITE_RECURSION = YES;
				CLANG_WARN_INT_CONVERSION = YES;
				CLANG_WARN_NON_LITERAL_NULL_CONVERSION = YES;
				CLANG_WARN_OBJC_IMPLICIT_RETAIN_SELF = YES;
				CLANG_WARN_OBJC_LITERAL_CONVERSION = YES;
				CLANG_WARN_OBJC_ROOT_CLASS = YES_ERROR;
				CLANG_WARN_QUOTED_INCLUDE_IN_FRAMEWORK_HEADER = YES;
				CLANG_WARN_RANGE_LOOP_ANALYSIS = YES;
				CLANG_WARN_STRICT_PROTOTYPES = YES;
				CLANG_WARN_SUSPICIOUS_MOVE = YES;
				CLANG_WARN_UNGUARDED_AVAILABILITY = YES_AGGRESSIVE;
				CLANG_WARN_UNREACHABLE_CODE = YES;
				CLANG_WARN__DUPLICATE_METHOD_MATCH = YES;
				COPY_PHASE_STRIP = NO;
				DEBUG_INFORMATION_FORMAT = dwarf;
				ENABLE_STRICT_OBJC_MSGSEND = YES;
				ENABLE_TESTABILITY = YES;
				GCC_C_LANGUAGE_STANDARD = gnu11;
				GCC_DYNAMIC_NO_PIC = NO;
				GCC_NO_COMMON_BLOCKS = YES;
				GCC_OPTIMIZATION_LEVEL = 0;
				GCC_PREPROCESSOR_DEFINITIONS = (
					"DEBUG=1",
					"$(inherited)",
				);
				GCC_WARN_64_TO_32_BIT_CONVERSION = YES;
				GCC_WARN_ABOUT_RETURN_TYPE = YES_ERROR;
				GCC_WARN_UNDECLARED_SELECTOR = YES;
				GCC_WARN_UNINITIALIZED_AUTOS = YES_AGGRESSIVE;
				GCC_WARN_UNUSED_FUNCTION = YES;
				GCC_WARN_UNUSED_VARIABLE = YES;
				MACOSX_DEPLOYMENT_TARGET = 11.3;
				MTL_ENABLE_DEBUG_INFO = INCLUDE_SOURCE;
				MTL_FAST_MATH = YES;
				ONLY_ACTIVE_ARCH = YES;
				SDKROOT = macosx;
				SWIFT_ACTIVE_COMPILATION_CONDITIONS = DEBUG;
				SWIFT_OPTIMIZATION_LEVEL = "-Onone";
			};
			name = Debug;
		};
		7DAFCDAF26DD920C006A68F4 /* Release */ = {
			isa = XCBuildConfiguration;
			buildSettings = {
				ALWAYS_SEARCH_USER_PATHS = NO;
				CLANG_ANALYZER_NONNULL = YES;
				CLANG_ANALYZER_NUMBER_OBJECT_CONVERSION = YES_AGGRESSIVE;
				CLANG_CXX_LANGUAGE_STANDARD = "gnu++14";
				CLANG_CXX_LIBRARY = "libc++";
				CLANG_ENABLE_MODULES = YES;
				CLANG_ENABLE_OBJC_ARC = YES;
				CLANG_ENABLE_OBJC_WEAK = YES;
				CLANG_WARN_BLOCK_CAPTURE_AUTORELEASING = YES;
				CLANG_WARN_BOOL_CONVERSION = YES;
				CLANG_WARN_COMMA = YES;
				CLANG_WARN_CONSTANT_CONVERSION = YES;
				CLANG_WARN_DEPRECATED_OBJC_IMPLEMENTATIONS = YES;
				CLANG_WARN_DIRECT_OBJC_ISA_USAGE = YES_ERROR;
				CLANG_WARN_DOCUMENTATION_COMMENTS = YES;
				CLANG_WARN_EMPTY_BODY = YES;
				CLANG_WARN_ENUM_CONVERSION = YES;
				CLANG_WARN_INFINITE_RECURSION = YES;
				CLANG_WARN_INT_CONVERSION = YES;
				CLANG_WARN_NON_LITERAL_NULL_CONVERSION = YES;
				CLANG_WARN_OBJC_IMPLICIT_RETAIN_SELF = YES;
				CLANG_WARN_OBJC_LITERAL_CONVERSION = YES;
				CLANG_WARN_OBJC_ROOT_CLASS = YES_ERROR;
				CLANG_WARN_QUOTED_INCLUDE_IN_FRAMEWORK_HEADER = YES;
				CLANG_WARN_RANGE_LOOP_ANALYSIS = YES;
				CLANG_WARN_STRICT_PROTOTYPES = YES;
				CLANG_WARN_SUSPICIOUS_MOVE = YES;
				CLANG_WARN_UNGUARDED_AVAILABILITY = YES_AGGRESSIVE;
				CLANG_WARN_UNREACHABLE_CODE = YES;
				CLANG_WARN__DUPLICATE_METHOD_MATCH = YES;
				COPY_PHASE_STRIP = NO;
				DEBUG_INFORMATION_FORMAT = "dwarf-with-dsym";
				ENABLE_NS_ASSERTIONS = NO;
				ENABLE_STRICT_OBJC_MSGSEND = YES;
				GCC_C_LANGUAGE_STANDARD = gnu11;
				GCC_NO_COMMON_BLOCKS = YES;
				GCC_WARN_64_TO_32_BIT_CONVERSION = YES;
				GCC_WARN_ABOUT_RETURN_TYPE = YES_ERROR;
				GCC_WARN_UNDECLARED_SELECTOR = YES;
				GCC_WARN_UNINITIALIZED_AUTOS = YES_AGGRESSIVE;
				GCC_WARN_UNUSED_FUNCTION = YES;
				GCC_WARN_UNUSED_VARIABLE = YES;
				MACOSX_DEPLOYMENT_TARGET = 11.3;
				MTL_ENABLE_DEBUG_INFO = NO;
				MTL_FAST_MATH = YES;
				SDKROOT = macosx;
				SWIFT_COMPILATION_MODE = wholemodule;
				SWIFT_OPTIMIZATION_LEVEL = "-O";
			};
			name = Release;
		};
		7DAFCDB126DD920C006A68F4 /* Debug */ = {
			isa = XCBuildConfiguration;
			buildSettings = {
				ASSETCATALOG_COMPILER_APPICON_NAME = AppIcon;
				ASSETCATALOG_COMPILER_GLOBAL_ACCENT_COLOR_NAME = AccentColor;
				CODE_SIGN_ENTITLEMENTS = UsingMetalToDrawAViewContentsents/UsingMetalToDrawAViewContentsents.entitlements;
				CODE_SIGN_STYLE = Automatic;
				COMBINE_HIDPI_IMAGES = YES;
				DEVELOPMENT_TEAM = Q2N4A2LNJ8;
				ENABLE_HARDENED_RUNTIME = YES;
				INFOPLIST_FILE = UsingMetalToDrawAViewContentsents/Info.plist;
				LD_RUNPATH_SEARCH_PATHS = (
					"$(inherited)",
					"@executable_path/../Frameworks",
				);
				PRODUCT_BUNDLE_IDENTIFIER = com.huiping.UsingMetalToDrawAViewContentsents;
				PRODUCT_NAME = "$(TARGET_NAME)";
				SWIFT_VERSION = 5.0;
			};
			name = Debug;
		};
		7DAFCDB226DD920C006A68F4 /* Release */ = {
			isa = XCBuildConfiguration;
			buildSettings = {
				ASSETCATALOG_COMPILER_APPICON_NAME = AppIcon;
				ASSETCATALOG_COMPILER_GLOBAL_ACCENT_COLOR_NAME = AccentColor;
				CODE_SIGN_ENTITLEMENTS = UsingMetalToDrawAViewContentsents/UsingMetalToDrawAViewContentsents.entitlements;
				CODE_SIGN_STYLE = Automatic;
				COMBINE_HIDPI_IMAGES = YES;
				DEVELOPMENT_TEAM = Q2N4A2LNJ8;
				ENABLE_HARDENED_RUNTIME = YES;
				INFOPLIST_FILE = UsingMetalToDrawAViewContentsents/Info.plist;
				LD_RUNPATH_SEARCH_PATHS = (
					"$(inherited)",
					"@executable_path/../Frameworks",
				);
				PRODUCT_BUNDLE_IDENTIFIER = com.huiping.UsingMetalToDrawAViewContentsents;
				PRODUCT_NAME = "$(TARGET_NAME)";
				SWIFT_VERSION = 5.0;
			};
			name = Release;
		};
/* End XCBuildConfiguration section */

/* Begin XCConfigurationList section */
		7DAFCD9B26DD9209006A68F4 /* Build configuration list for PBXProject "UsingMetalToDrawAViewContentsents" */ = {
			isa = XCConfigurationList;
			buildConfigurations = (
				7DAFCDAE26DD920C006A68F4 /* Debug */,
				7DAFCDAF26DD920C006A68F4 /* Release */,
			);
			defaultConfigurationIsVisible = 0;
			defaultConfigurationName = Release;
		};
		7DAFCDB026DD920C006A68F4 /* Build configuration list for PBXNativeTarget "UsingMetalToDrawAViewContentsents" */ = {
			isa = XCConfigurationList;
			buildConfigurations = (
				7DAFCDB126DD920C006A68F4 /* Debug */,
				7DAFCDB226DD920C006A68F4 /* Release */,
			);
			defaultConfigurationIsVisible = 0;
			defaultConfigurationName = Release;
		};
/* End XCConfigurationList section */
	};
	rootObject = 7DAFCD9826DD9209006A68F4 /* Project object */;
}
