// !$*UTF8*$!
{
	archiveVersion = 1;
	classes = {
	};
	objectVersion = 50;
	objects = {

/* Begin PBXBuildFile section */
		7D8DF5C226F380B3003596A2 /* AppDelegate.swift in Sources */ = {isa = PBXBuildFile; fileRef = 7D8DF5C126F380B3003596A2 /* AppDelegate.swift */; };
		7D8DF5C426F380B3003596A2 /* ViewController.swift in Sources */ = {isa = PBXBuildFile; fileRef = 7D8DF5C326F380B3003596A2 /* ViewController.swift */; };
		7D8DF5C626F380B4003596A2 /* Assets.xcassets in Resources */ = {isa = PBXBuildFile; fileRef = 7D8DF5C526F380B4003596A2 /* Assets.xcassets */; };
		7D8DF5C926F380B4003596A2 /* Main.storyboard in Resources */ = {isa = PBXBuildFile; fileRef = 7D8DF5C726F380B4003596A2 /* Main.storyboard */; };
		7D8DF5D226F38109003596A2 /* default.metal in Sources */ = {isa = PBXBuildFile; fileRef = 7D8DF5D126F38109003596A2 /* default.metal */; };
		7D8DF5D426F3815A003596A2 /* Render.swift in Sources */ = {isa = PBXBuildFile; fileRef = 7D8DF5D326F3815A003596A2 /* Render.swift */; };
		7D8DF5D826F3A33C003596A2 /* Image.tga in Resources */ = {isa = PBXBuildFile; fileRef = 7D8DF5D726F3A33C003596A2 /* Image.tga */; };
		7D8DF5DE26F4D949003596A2 /* AAPLImage.m in Sources */ = {isa = PBXBuildFile; fileRef = 7D8DF5DD26F4D949003596A2 /* AAPLImage.m */; };
/* End PBXBuildFile section */

/* Begin PBXFileReference section */
		7D8DF5BE26F380B3003596A2 /* ProcessingATextureInAComputeFunction.app */ = {isa = PBXFileReference; explicitFileType = wrapper.application; includeInIndex = 0; path = ProcessingATextureInAComputeFunction.app; sourceTree = BUILT_PRODUCTS_DIR; };
		7D8DF5C126F380B3003596A2 /* AppDelegate.swift */ = {isa = PBXFileReference; lastKnownFileType = sourcecode.swift; path = AppDelegate.swift; sourceTree = "<group>"; };
		7D8DF5C326F380B3003596A2 /* ViewController.swift */ = {isa = PBXFileReference; lastKnownFileType = sourcecode.swift; path = ViewController.swift; sourceTree = "<group>"; };
		7D8DF5C526F380B4003596A2 /* Assets.xcassets */ = {isa = PBXFileReference; lastKnownFileType = folder.assetcatalog; path = Assets.xcassets; sourceTree = "<group>"; };
		7D8DF5C826F380B4003596A2 /* Base */ = {isa = PBXFileReference; lastKnownFileType = file.storyboard; name = Base; path = Base.lproj/Main.storyboard; sourceTree = "<group>"; };
		7D8DF5CA26F380B4003596A2 /* Info.plist */ = {isa = PBXFileReference; lastKnownFileType = text.plist.xml; path = Info.plist; sourceTree = "<group>"; };
		7D8DF5CB26F380B4003596A2 /* ProcessingATextureInAComputeFunction.entitlements */ = {isa = PBXFileReference; lastKnownFileType = text.plist.entitlements; path = ProcessingATextureInAComputeFunction.entitlements; sourceTree = "<group>"; };
		7D8DF5D126F38109003596A2 /* default.metal */ = {isa = PBXFileReference; lastKnownFileType = sourcecode.metal; path = default.metal; sourceTree = "<group>"; };
		7D8DF5D326F3815A003596A2 /* Render.swift */ = {isa = PBXFileReference; lastKnownFileType = sourcecode.swift; path = Render.swift; sourceTree = "<group>"; };
		7D8DF5D726F3A33C003596A2 /* Image.tga */ = {isa = PBXFileReference; lastKnownFileType = file; path = Image.tga; sourceTree = "<group>"; };
		7D8DF5D926F4D928003596A2 /* ProcessingATextureInAComputeFunction-Bridging-Header.h */ = {isa = PBXFileReference; lastKnownFileType = sourcecode.c.h; path = "ProcessingATextureInAComputeFunction-Bridging-Header.h"; sourceTree = "<group>"; };
		7D8DF5DC26F4D949003596A2 /* AAPLImage.h */ = {isa = PBXFileReference; lastKnownFileType = sourcecode.c.h; path = AAPLImage.h; sourceTree = "<group>"; };
		7D8DF5DD26F4D949003596A2 /* AAPLImage.m */ = {isa = PBXFileReference; lastKnownFileType = sourcecode.c.objc; path = AAPLImage.m; sourceTree = "<group>"; };
/* End PBXFileReference section */

/* Begin PBXFrameworksBuildPhase section */
		7D8DF5BB26F380B3003596A2 /* Frameworks */ = {
			isa = PBXFrameworksBuildPhase;
			buildActionMask = 2147483647;
			files = (
			);
			runOnlyForDeploymentPostprocessing = 0;
		};
/* End PBXFrameworksBuildPhase section */

/* Begin PBXGroup section */
		7D8DF5B526F380B3003596A2 = {
			isa = PBXGroup;
			children = (
				7D8DF5C026F380B3003596A2 /* ProcessingATextureInAComputeFunction */,
				7D8DF5BF26F380B3003596A2 /* Products */,
			);
			sourceTree = "<group>";
		};
		7D8DF5BF26F380B3003596A2 /* Products */ = {
			isa = PBXGroup;
			children = (
				7D8DF5BE26F380B3003596A2 /* ProcessingATextureInAComputeFunction.app */,
			);
			name = Products;
			sourceTree = "<group>";
		};
		7D8DF5C026F380B3003596A2 /* ProcessingATextureInAComputeFunction */ = {
			isa = PBXGroup;
			children = (
				7D8DF5D726F3A33C003596A2 /* Image.tga */,
				7D8DF5C126F380B3003596A2 /* AppDelegate.swift */,
				7D8DF5C326F380B3003596A2 /* ViewController.swift */,
				7D8DF5C526F380B4003596A2 /* Assets.xcassets */,
				7D8DF5C726F380B4003596A2 /* Main.storyboard */,
				7D8DF5CA26F380B4003596A2 /* Info.plist */,
				7D8DF5CB26F380B4003596A2 /* ProcessingATextureInAComputeFunction.entitlements */,
				7D8DF5D126F38109003596A2 /* default.metal */,
				7D8DF5D326F3815A003596A2 /* Render.swift */,
				7D8DF5D926F4D928003596A2 /* ProcessingATextureInAComputeFunction-Bridging-Header.h */,
				7D8DF5DC26F4D949003596A2 /* AAPLImage.h */,
				7D8DF5DD26F4D949003596A2 /* AAPLImage.m */,
			);
			path = ProcessingATextureInAComputeFunction;
			sourceTree = "<group>";
		};
/* End PBXGroup section */

/* Begin PBXNativeTarget section */
		7D8DF5BD26F380B3003596A2 /* ProcessingATextureInAComputeFunction */ = {
			isa = PBXNativeTarget;
			buildConfigurationList = 7D8DF5CE26F380B4003596A2 /* Build configuration list for PBXNativeTarget "ProcessingATextureInAComputeFunction" */;
			buildPhases = (
				7D8DF5BA26F380B3003596A2 /* Sources */,
				7D8DF5BB26F380B3003596A2 /* Frameworks */,
				7D8DF5BC26F380B3003596A2 /* Resources */,
			);
			buildRules = (
			);
			dependencies = (
			);
			name = ProcessingATextureInAComputeFunction;
			productName = ProcessingATextureInAComputeFunction;
			productReference = 7D8DF5BE26F380B3003596A2 /* ProcessingATextureInAComputeFunction.app */;
			productType = "com.apple.product-type.application";
		};
/* End PBXNativeTarget section */

/* Begin PBXProject section */
		7D8DF5B626F380B3003596A2 /* Project object */ = {
			isa = PBXProject;
			attributes = {
				LastSwiftUpdateCheck = 1250;
				LastUpgradeCheck = 1250;
				TargetAttributes = {
					7D8DF5BD26F380B3003596A2 = {
						CreatedOnToolsVersion = 12.5.1;
						LastSwiftMigration = 1250;
					};
				};
			};
			buildConfigurationList = 7D8DF5B926F380B3003596A2 /* Build configuration list for PBXProject "ProcessingATextureInAComputeFunction" */;
			compatibilityVersion = "Xcode 9.3";
			developmentRegion = en;
			hasScannedForEncodings = 0;
			knownRegions = (
				en,
				Base,
			);
			mainGroup = 7D8DF5B526F380B3003596A2;
			productRefGroup = 7D8DF5BF26F380B3003596A2 /* Products */;
			projectDirPath = "";
			projectRoot = "";
			targets = (
				7D8DF5BD26F380B3003596A2 /* ProcessingATextureInAComputeFunction */,
			);
		};
/* End PBXProject section */

/* Begin PBXResourcesBuildPhase section */
		7D8DF5BC26F380B3003596A2 /* Resources */ = {
			isa = PBXResourcesBuildPhase;
			buildActionMask = 2147483647;
			files = (
				7D8DF5D826F3A33C003596A2 /* Image.tga in Resources */,
				7D8DF5C626F380B4003596A2 /* Assets.xcassets in Resources */,
				7D8DF5C926F380B4003596A2 /* Main.storyboard in Resources */,
			);
			runOnlyForDeploymentPostprocessing = 0;
		};
/* End PBXResourcesBuildPhase section */

/* Begin PBXSourcesBuildPhase section */
		7D8DF5BA26F380B3003596A2 /* Sources */ = {
			isa = PBXSourcesBuildPhase;
			buildActionMask = 2147483647;
			files = (
				7D8DF5DE26F4D949003596A2 /* AAPLImage.m in Sources */,
				7D8DF5C426F380B3003596A2 /* ViewController.swift in Sources */,
				7D8DF5C226F380B3003596A2 /* AppDelegate.swift in Sources */,
				7D8DF5D226F38109003596A2 /* default.metal in Sources */,
				7D8DF5D426F3815A003596A2 /* Render.swift in Sources */,
			);
			runOnlyForDeploymentPostprocessing = 0;
		};
/* End PBXSourcesBuildPhase section */

/* Begin PBXVariantGroup section */
		7D8DF5C726F380B4003596A2 /* Main.storyboard */ = {
			isa = PBXVariantGroup;
			children = (
				7D8DF5C826F380B4003596A2 /* Base */,
			);
			name = Main.storyboard;
			sourceTree = "<group>";
		};
/* End PBXVariantGroup section */

/* Begin XCBuildConfiguration section */
		7D8DF5CC26F380B4003596A2 /* Debug */ = {
			isa = XCBuildConfiguration;
			buildSettings = {
				ALWAYS_SEARCH_USER_PATHS = NO;
				CLANG_ANALYZER_NONNULL = YES;
				CLANG_ANALYZER_NUMBER_OBJECT_CONVERSION = YES_AGGRESSIVE;
				CLANG_CXX_LANGUAGE_STANDARD = "gnu++14";
				CLANG_CXX_LIBRARY = "libc++";
				CLANG_ENABLE_MODULES = YES;
				CLANG_ENABLE_OBJC_ARC = YES;
				CLANG_ENABLE_OBJC_WEAK = YES;
				CLANG_WARN_BLOCK_CAPTURE_AUTORELEASING = YES;
				CLANG_WARN_BOOL_CONVERSION = YES;
				CLANG_WARN_COMMA = YES;
				CLANG_WARN_CONSTANT_CONVERSION = YES;
				CLANG_WARN_DEPRECATED_OBJC_IMPLEMENTATIONS = YES;
				CLANG_WARN_DIRECT_OBJC_ISA_USAGE = YES_ERROR;
				CLANG_WARN_DOCUMENTATION_COMMENTS = YES;
				CLANG_WARN_EMPTY_BODY = YES;
				CLANG_WARN_ENUM_CONVERSION = YES;
				CLANG_WARN_INFINITE_RECURSION = YES;
				CLANG_WARN_INT_CONVERSION = YES;
				CLANG_WARN_NON_LITERAL_NULL_CONVERSION = YES;
				CLANG_WARN_OBJC_IMPLICIT_RETAIN_SELF = YES;
				CLANG_WARN_OBJC_LITERAL_CONVERSION = YES;
				CLANG_WARN_OBJC_ROOT_CLASS = YES_ERROR;
				CLANG_WARN_QUOTED_INCLUDE_IN_FRAMEWORK_HEADER = YES;
				CLANG_WARN_RANGE_LOOP_ANALYSIS = YES;
				CLANG_WARN_STRICT_PROTOTYPES = YES;
				CLANG_WARN_SUSPICIOUS_MOVE = YES;
				CLANG_WARN_UNGUARDED_AVAILABILITY = YES_AGGRESSIVE;
				CLANG_WARN_UNREACHABLE_CODE = YES;
				CLANG_WARN__DUPLICATE_METHOD_MATCH = YES;
				COPY_PHASE_STRIP = NO;
				DEBUG_INFORMATION_FORMAT = dwarf;
				ENABLE_STRICT_OBJC_MSGSEND = YES;
				ENABLE_TESTABILITY = YES;
				GCC_C_LANGUAGE_STANDARD = gnu11;
				GCC_DYNAMIC_NO_PIC = NO;
				GCC_NO_COMMON_BLOCKS = YES;
				GCC_OPTIMIZATION_LEVEL = 0;
				GCC_PREPROCESSOR_DEFINITIONS = (
					"DEBUG=1",
					"$(inherited)",
				);
				GCC_WARN_64_TO_32_BIT_CONVERSION = YES;
				GCC_WARN_ABOUT_RETURN_TYPE = YES_ERROR;
				GCC_WARN_UNDECLARED_SELECTOR = YES;
				GCC_WARN_UNINITIALIZED_AUTOS = YES_AGGRESSIVE;
				GCC_WARN_UNUSED_FUNCTION = YES;
				GCC_WARN_UNUSED_VARIABLE = YES;
				MACOSX_DEPLOYMENT_TARGET = 11.3;
				MTL_ENABLE_DEBUG_INFO = INCLUDE_SOURCE;
				MTL_FAST_MATH = YES;
				ONLY_ACTIVE_ARCH = YES;
				SDKROOT = macosx;
				SWIFT_ACTIVE_COMPILATION_CONDITIONS = DEBUG;
				SWIFT_OPTIMIZATION_LEVEL = "-Onone";
			};
			name = Debug;
		};
		7D8DF5CD26F380B4003596A2 /* Release */ = {
			isa = XCBuildConfiguration;
			buildSettings = {
				ALWAYS_SEARCH_USER_PATHS = NO;
				CLANG_ANALYZER_NONNULL = YES;
				CLANG_ANALYZER_NUMBER_OBJECT_CONVERSION = YES_AGGRESSIVE;
				CLANG_CXX_LANGUAGE_STANDARD = "gnu++14";
				CLANG_CXX_LIBRARY = "libc++";
				CLANG_ENABLE_MODULES = YES;
				CLANG_ENABLE_OBJC_ARC = YES;
				CLANG_ENABLE_OBJC_WEAK = YES;
				CLANG_WARN_BLOCK_CAPTURE_AUTORELEASING = YES;
				CLANG_WARN_BOOL_CONVERSION = YES;
				CLANG_WARN_COMMA = YES;
				CLANG_WARN_CONSTANT_CONVERSION = YES;
				CLANG_WARN_DEPRECATED_OBJC_IMPLEMENTATIONS = YES;
				CLANG_WARN_DIRECT_OBJC_ISA_USAGE = YES_ERROR;
				CLANG_WARN_DOCUMENTATION_COMMENTS = YES;
				CLANG_WARN_EMPTY_BODY = YES;
				CLANG_WARN_ENUM_CONVERSION = YES;
				CLANG_WARN_INFINITE_RECURSION = YES;
				CLANG_WARN_INT_CONVERSION = YES;
				CLANG_WARN_NON_LITERAL_NULL_CONVERSION = YES;
				CLANG_WARN_OBJC_IMPLICIT_RETAIN_SELF = YES;
				CLANG_WARN_OBJC_LITERAL_CONVERSION = YES;
				CLANG_WARN_OBJC_ROOT_CLASS = YES_ERROR;
				CLANG_WARN_QUOTED_INCLUDE_IN_FRAMEWORK_HEADER = YES;
				CLANG_WARN_RANGE_LOOP_ANALYSIS = YES;
				CLANG_WARN_STRICT_PROTOTYPES = YES;
				CLANG_WARN_SUSPICIOUS_MOVE = YES;
				CLANG_WARN_UNGUARDED_AVAILABILITY = YES_AGGRESSIVE;
				CLANG_WARN_UNREACHABLE_CODE = YES;
				CLANG_WARN__DUPLICATE_METHOD_MATCH = YES;
				COPY_PHASE_STRIP = NO;
				DEBUG_INFORMATION_FORMAT = "dwarf-with-dsym";
				ENABLE_NS_ASSERTIONS = NO;
				ENABLE_STRICT_OBJC_MSGSEND = YES;
				GCC_C_LANGUAGE_STANDARD = gnu11;
				GCC_NO_COMMON_BLOCKS = YES;
				GCC_WARN_64_TO_32_BIT_CONVERSION = YES;
				GCC_WARN_ABOUT_RETURN_TYPE = YES_ERROR;
				GCC_WARN_UNDECLARED_SELECTOR = YES;
				GCC_WARN_UNINITIALIZED_AUTOS = YES_AGGRESSIVE;
				GCC_WARN_UNUSED_FUNCTION = YES;
				GCC_WARN_UNUSED_VARIABLE = YES;
				MACOSX_DEPLOYMENT_TARGET = 11.3;
				MTL_ENABLE_DEBUG_INFO = NO;
				MTL_FAST_MATH = YES;
				SDKROOT = macosx;
				SWIFT_COMPILATION_MODE = wholemodule;
				SWIFT_OPTIMIZATION_LEVEL = "-O";
			};
			name = Release;
		};
		7D8DF5CF26F380B4003596A2 /* Debug */ = {
			isa = XCBuildConfiguration;
			buildSettings = {
				ASSETCATALOG_COMPILER_APPICON_NAME = AppIcon;
				ASSETCATALOG_COMPILER_GLOBAL_ACCENT_COLOR_NAME = AccentColor;
				CLANG_ENABLE_MODULES = YES;
				CODE_SIGN_ENTITLEMENTS = ProcessingATextureInAComputeFunction/ProcessingATextureInAComputeFunction.entitlements;
				CODE_SIGN_STYLE = Automatic;
				COMBINE_HIDPI_IMAGES = YES;
				DEVELOPMENT_TEAM = Q2N4A2LNJ8;
				ENABLE_HARDENED_RUNTIME = YES;
				INFOPLIST_FILE = ProcessingATextureInAComputeFunction/Info.plist;
				LD_RUNPATH_SEARCH_PATHS = (
					"$(inherited)",
					"@executable_path/../Frameworks",
				);
				PRODUCT_BUNDLE_IDENTIFIER = com.huiping.ProcessingATextureInAComputeFunction;
				PRODUCT_NAME = "$(TARGET_NAME)";
				SWIFT_OBJC_BRIDGING_HEADER = "ProcessingATextureInAComputeFunction/ProcessingATextureInAComputeFunction-Bridging-Header.h";
				SWIFT_OPTIMIZATION_LEVEL = "-Onone";
				SWIFT_VERSION = 5.0;
			};
			name = Debug;
		};
		7D8DF5D026F380B4003596A2 /* Release */ = {
			isa = XCBuildConfiguration;
			buildSettings = {
				ASSETCATALOG_COMPILER_APPICON_NAME = AppIcon;
				ASSETCATALOG_COMPILER_GLOBAL_ACCENT_COLOR_NAME = AccentColor;
				CLANG_ENABLE_MODULES = YES;
				CODE_SIGN_ENTITLEMENTS = ProcessingATextureInAComputeFunction/ProcessingATextureInAComputeFunction.entitlements;
				CODE_SIGN_STYLE = Automatic;
				COMBINE_HIDPI_IMAGES = YES;
				DEVELOPMENT_TEAM = Q2N4A2LNJ8;
				ENABLE_HARDENED_RUNTIME = YES;
				INFOPLIST_FILE = ProcessingATextureInAComputeFunction/Info.plist;
				LD_RUNPATH_SEARCH_PATHS = (
					"$(inherited)",
					"@executable_path/../Frameworks",
				);
				PRODUCT_BUNDLE_IDENTIFIER = com.huiping.ProcessingATextureInAComputeFunction;
				PRODUCT_NAME = "$(TARGET_NAME)";
				SWIFT_OBJC_BRIDGING_HEADER = "ProcessingATextureInAComputeFunction/ProcessingATextureInAComputeFunction-Bridging-Header.h";
				SWIFT_VERSION = 5.0;
			};
			name = Release;
		};
/* End XCBuildConfiguration section */

/* Begin XCConfigurationList section */
		7D8DF5B926F380B3003596A2 /* Build configuration list for PBXProject "ProcessingATextureInAComputeFunction" */ = {
			isa = XCConfigurationList;
			buildConfigurations = (
				7D8DF5CC26F380B4003596A2 /* Debug */,
				7D8DF5CD26F380B4003596A2 /* Release */,
			);
			defaultConfigurationIsVisible = 0;
			defaultConfigurationName = Release;
		};
		7D8DF5CE26F380B4003596A2 /* Build configuration list for PBXNativeTarget "ProcessingATextureInAComputeFunction" */ = {
			isa = XCConfigurationList;
			buildConfigurations = (
				7D8DF5CF26F380B4003596A2 /* Debug */,
				7D8DF5D026F380B4003596A2 /* Release */,
			);
			defaultConfigurationIsVisible = 0;
			defaultConfigurationName = Release;
		};
/* End XCConfigurationList section */
	};
	rootObject = 7D8DF5B626F380B3003596A2 /* Project object */;
}
