// !$*UTF8*$!
{
	archiveVersion = 1;
	classes = {
	};
	objectVersion = 50;
	objects = {

/* Begin PBXBuildFile section */
		7DA5A66C26EF89A300681E73 /* Renderer.swift in Sources */ = {isa = PBXBuildFile; fileRef = 7DA5A66B26EF89A300681E73 /* Renderer.swift */; };
		7DAFCDC226DD98A9006A68F4 /* AppDelegate.swift in Sources */ = {isa = PBXBuildFile; fileRef = 7DAFCDC126DD98A9006A68F4 /* AppDelegate.swift */; };
		7DAFCDC426DD98A9006A68F4 /* ViewController.swift in Sources */ = {isa = PBXBuildFile; fileRef = 7DAFCDC326DD98A9006A68F4 /* ViewController.swift */; };
		7DAFCDC626DD98AA006A68F4 /* Assets.xcassets in Resources */ = {isa = PBXBuildFile; fileRef = 7DAFCDC526DD98AA006A68F4 /* Assets.xcassets */; };
		7DAFCDC926DD98AA006A68F4 /* Main.storyboard in Resources */ = {isa = PBXBuildFile; fileRef = 7DAFCDC726DD98AA006A68F4 /* Main.storyboard */; };
		7DAFCDF826E79AFA006A68F4 /* default.metal in Sources */ = {isa = PBXBuildFile; fileRef = 7DAFCDF726E79AFA006A68F4 /* default.metal */; };
/* End PBXBuildFile section */

/* Begin PBXFileReference section */
		7DA5A66B26EF89A300681E73 /* Renderer.swift */ = {isa = PBXFileReference; lastKnownFileType = sourcecode.swift; path = Renderer.swift; sourceTree = "<group>"; };
		7DAFCDBE26DD98A9006A68F4 /* UsingARenderPipelineToRenderPrimitives.app */ = {isa = PBXFileReference; explicitFileType = wrapper.application; includeInIndex = 0; path = UsingARenderPipelineToRenderPrimitives.app; sourceTree = BUILT_PRODUCTS_DIR; };
		7DAFCDC126DD98A9006A68F4 /* AppDelegate.swift */ = {isa = PBXFileReference; lastKnownFileType = sourcecode.swift; path = AppDelegate.swift; sourceTree = "<group>"; };
		7DAFCDC326DD98A9006A68F4 /* ViewController.swift */ = {isa = PBXFileReference; lastKnownFileType = sourcecode.swift; path = ViewController.swift; sourceTree = "<group>"; };
		7DAFCDC526DD98AA006A68F4 /* Assets.xcassets */ = {isa = PBXFileReference; lastKnownFileType = folder.assetcatalog; path = Assets.xcassets; sourceTree = "<group>"; };
		7DAFCDC826DD98AA006A68F4 /* Base */ = {isa = PBXFileReference; lastKnownFileType = file.storyboard; name = Base; path = Base.lproj/Main.storyboard; sourceTree = "<group>"; };
		7DAFCDCA26DD98AA006A68F4 /* Info.plist */ = {isa = PBXFileReference; lastKnownFileType = text.plist.xml; path = Info.plist; sourceTree = "<group>"; };
		7DAFCDCB26DD98AA006A68F4 /* UsingARenderPipelineToRenderPrimitives.entitlements */ = {isa = PBXFileReference; lastKnownFileType = text.plist.entitlements; path = UsingARenderPipelineToRenderPrimitives.entitlements; sourceTree = "<group>"; };
		7DAFCDF726E79AFA006A68F4 /* default.metal */ = {isa = PBXFileReference; lastKnownFileType = sourcecode.metal; path = default.metal; sourceTree = "<group>"; };
/* End PBXFileReference section */

/* Begin PBXFrameworksBuildPhase section */
		7DAFCDBB26DD98A9006A68F4 /* Frameworks */ = {
			isa = PBXFrameworksBuildPhase;
			buildActionMask = 2147483647;
			files = (
			);
			runOnlyForDeploymentPostprocessing = 0;
		};
/* End PBXFrameworksBuildPhase section */

/* Begin PBXGroup section */
		7DAFCDB526DD98A9006A68F4 = {
			isa = PBXGroup;
			children = (
				7DAFCDC026DD98A9006A68F4 /* UsingARenderPipelineToRenderPrimitives */,
				7DAFCDBF26DD98A9006A68F4 /* Products */,
			);
			sourceTree = "<group>";
		};
		7DAFCDBF26DD98A9006A68F4 /* Products */ = {
			isa = PBXGroup;
			children = (
				7DAFCDBE26DD98A9006A68F4 /* UsingARenderPipelineToRenderPrimitives.app */,
			);
			name = Products;
			sourceTree = "<group>";
		};
		7DAFCDC026DD98A9006A68F4 /* UsingARenderPipelineToRenderPrimitives */ = {
			isa = PBXGroup;
			children = (
				7DAFCDC126DD98A9006A68F4 /* AppDelegate.swift */,
				7DAFCDC326DD98A9006A68F4 /* ViewController.swift */,
				7DAFCDC526DD98AA006A68F4 /* Assets.xcassets */,
				7DAFCDC726DD98AA006A68F4 /* Main.storyboard */,
				7DAFCDCA26DD98AA006A68F4 /* Info.plist */,
				7DAFCDCB26DD98AA006A68F4 /* UsingARenderPipelineToRenderPrimitives.entitlements */,
				7DAFCDF726E79AFA006A68F4 /* default.metal */,
				7DA5A66B26EF89A300681E73 /* Renderer.swift */,
			);
			path = UsingARenderPipelineToRenderPrimitives;
			sourceTree = "<group>";
		};
/* End PBXGroup section */

/* Begin PBXNativeTarget section */
		7DAFCDBD26DD98A9006A68F4 /* UsingARenderPipelineToRenderPrimitives */ = {
			isa = PBXNativeTarget;
			buildConfigurationList = 7DAFCDCE26DD98AA006A68F4 /* Build configuration list for PBXNativeTarget "UsingARenderPipelineToRenderPrimitives" */;
			buildPhases = (
				7DAFCDBA26DD98A9006A68F4 /* Sources */,
				7DAFCDBB26DD98A9006A68F4 /* Frameworks */,
				7DAFCDBC26DD98A9006A68F4 /* Resources */,
			);
			buildRules = (
			);
			dependencies = (
			);
			name = UsingARenderPipelineToRenderPrimitives;
			productName = UsingARenderPipelineToRenderPrimitives;
			productReference = 7DAFCDBE26DD98A9006A68F4 /* UsingARenderPipelineToRenderPrimitives.app */;
			productType = "com.apple.product-type.application";
		};
/* End PBXNativeTarget section */

/* Begin PBXProject section */
		7DAFCDB626DD98A9006A68F4 /* Project object */ = {
			isa = PBXProject;
			attributes = {
				LastSwiftUpdateCheck = 1250;
				LastUpgradeCheck = 1250;
				TargetAttributes = {
					7DAFCDBD26DD98A9006A68F4 = {
						CreatedOnToolsVersion = 12.5.1;
					};
				};
			};
			buildConfigurationList = 7DAFCDB926DD98A9006A68F4 /* Build configuration list for PBXProject "UsingARenderPipelineToRenderPrimitives" */;
			compatibilityVersion = "Xcode 9.3";
			developmentRegion = en;
			hasScannedForEncodings = 0;
			knownRegions = (
				en,
				Base,
			);
			mainGroup = 7DAFCDB526DD98A9006A68F4;
			productRefGroup = 7DAFCDBF26DD98A9006A68F4 /* Products */;
			projectDirPath = "";
			projectRoot = "";
			targets = (
				7DAFCDBD26DD98A9006A68F4 /* UsingARenderPipelineToRenderPrimitives */,
			);
		};
/* End PBXProject section */

/* Begin PBXResourcesBuildPhase section */
		7DAFCDBC26DD98A9006A68F4 /* Resources */ = {
			isa = PBXResourcesBuildPhase;
			buildActionMask = 2147483647;
			files = (
				7DAFCDC626DD98AA006A68F4 /* Assets.xcassets in Resources */,
				7DAFCDC926DD98AA006A68F4 /* Main.storyboard in Resources */,
			);
			runOnlyForDeploymentPostprocessing = 0;
		};
/* End PBXResourcesBuildPhase section */

/* Begin PBXSourcesBuildPhase section */
		7DAFCDBA26DD98A9006A68F4 /* Sources */ = {
			isa = PBXSourcesBuildPhase;
			buildActionMask = 2147483647;
			files = (
				7DAFCDC426DD98A9006A68F4 /* ViewController.swift in Sources */,
				7DAFCDC226DD98A9006A68F4 /* AppDelegate.swift in Sources */,
				7DAFCDF826E79AFA006A68F4 /* default.metal in Sources */,
				7DA5A66C26EF89A300681E73 /* Renderer.swift in Sources */,
			);
			runOnlyForDeploymentPostprocessing = 0;
		};
/* End PBXSourcesBuildPhase section */

/* Begin PBXVariantGroup section */
		7DAFCDC726DD98AA006A68F4 /* Main.storyboard */ = {
			isa = PBXVariantGroup;
			children = (
				7DAFCDC826DD98AA006A68F4 /* Base */,
			);
			name = Main.storyboard;
			sourceTree = "<group>";
		};
/* End PBXVariantGroup section */

/* Begin XCBuildConfiguration section */
		7DAFCDCC26DD98AA006A68F4 /* Debug */ = {
			isa = XCBuildConfiguration;
			buildSettings = {
				ALWAYS_SEARCH_USER_PATHS = NO;
				CLANG_ANALYZER_NONNULL = YES;
				CLANG_ANALYZER_NUMBER_OBJECT_CONVERSION = YES_AGGRESSIVE;
				CLANG_CXX_LANGUAGE_STANDARD = "gnu++14";
				CLANG_CXX_LIBRARY = "libc++";
				CLANG_ENABLE_MODULES = YES;
				CLANG_ENABLE_OBJC_ARC = YES;
				CLANG_ENABLE_OBJC_WEAK = YES;
				CLANG_WARN_BLOCK_CAPTURE_AUTORELEASING = YES;
				CLANG_WARN_BOOL_CONVERSION = YES;
				CLANG_WARN_COMMA = YES;
				CLANG_WARN_CONSTANT_CONVERSION = YES;
				CLANG_WARN_DEPRECATED_OBJC_IMPLEMENTATIONS = YES;
				CLANG_WARN_DIRECT_OBJC_ISA_USAGE = YES_ERROR;
				CLANG_WARN_DOCUMENTATION_COMMENTS = YES;
				CLANG_WARN_EMPTY_BODY = YES;
				CLANG_WARN_ENUM_CONVERSION = YES;
				CLANG_WARN_INFINITE_RECURSION = YES;
				CLANG_WARN_INT_CONVERSION = YES;
				CLANG_WARN_NON_LITERAL_NULL_CONVERSION = YES;
				CLANG_WARN_OBJC_IMPLICIT_RETAIN_SELF = YES;
				CLANG_WARN_OBJC_LITERAL_CONVERSION = YES;
				CLANG_WARN_OBJC_ROOT_CLASS = YES_ERROR;
				CLANG_WARN_QUOTED_INCLUDE_IN_FRAMEWORK_HEADER = YES;
				CLANG_WARN_RANGE_LOOP_ANALYSIS = YES;
				CLANG_WARN_STRICT_PROTOTYPES = YES;
				CLANG_WARN_SUSPICIOUS_MOVE = YES;
				CLANG_WARN_UNGUARDED_AVAILABILITY = YES_AGGRESSIVE;
				CLANG_WARN_UNREACHABLE_CODE = YES;
				CLANG_WARN__DUPLICATE_METHOD_MATCH = YES;
				COPY_PHASE_STRIP = NO;
				DEBUG_INFORMATION_FORMAT = dwarf;
				ENABLE_STRICT_OBJC_MSGSEND = YES;
				ENABLE_TESTABILITY = YES;
				GCC_C_LANGUAGE_STANDARD = gnu11;
				GCC_DYNAMIC_NO_PIC = NO;
				GCC_NO_COMMON_BLOCKS = YES;
				GCC_OPTIMIZATION_LEVEL = 0;
				GCC_PREPROCESSOR_DEFINITIONS = (
					"DEBUG=1",
					"$(inherited)",
				);
				GCC_WARN_64_TO_32_BIT_CONVERSION = YES;
				GCC_WARN_ABOUT_RETURN_TYPE = YES_ERROR;
				GCC_WARN_UNDECLARED_SELECTOR = YES;
				GCC_WARN_UNINITIALIZED_AUTOS = YES_AGGRESSIVE;
				GCC_WARN_UNUSED_FUNCTION = YES;
				GCC_WARN_UNUSED_VARIABLE = YES;
				MACOSX_DEPLOYMENT_TARGET = 11.3;
				MTL_ENABLE_DEBUG_INFO = INCLUDE_SOURCE;
				MTL_FAST_MATH = YES;
				ONLY_ACTIVE_ARCH = YES;
				SDKROOT = macosx;
				SWIFT_ACTIVE_COMPILATION_CONDITIONS = DEBUG;
				SWIFT_OPTIMIZATION_LEVEL = "-Onone";
			};
			name = Debug;
		};
		7DAFCDCD26DD98AA006A68F4 /* Release */ = {
			isa = XCBuildConfiguration;
			buildSettings = {
				ALWAYS_SEARCH_USER_PATHS = NO;
				CLANG_ANALYZER_NONNULL = YES;
				CLANG_ANALYZER_NUMBER_OBJECT_CONVERSION = YES_AGGRESSIVE;
				CLANG_CXX_LANGUAGE_STANDARD = "gnu++14";
				CLANG_CXX_LIBRARY = "libc++";
				CLANG_ENABLE_MODULES = YES;
				CLANG_ENABLE_OBJC_ARC = YES;
				CLANG_ENABLE_OBJC_WEAK = YES;
				CLANG_WARN_BLOCK_CAPTURE_AUTORELEASING = YES;
				CLANG_WARN_BOOL_CONVERSION = YES;
				CLANG_WARN_COMMA = YES;
				CLANG_WARN_CONSTANT_CONVERSION = YES;
				CLANG_WARN_DEPRECATED_OBJC_IMPLEMENTATIONS = YES;
				CLANG_WARN_DIRECT_OBJC_ISA_USAGE = YES_ERROR;
				CLANG_WARN_DOCUMENTATION_COMMENTS = YES;
				CLANG_WARN_EMPTY_BODY = YES;
				CLANG_WARN_ENUM_CONVERSION = YES;
				CLANG_WARN_INFINITE_RECURSION = YES;
				CLANG_WARN_INT_CONVERSION = YES;
				CLANG_WARN_NON_LITERAL_NULL_CONVERSION = YES;
				CLANG_WARN_OBJC_IMPLICIT_RETAIN_SELF = YES;
				CLANG_WARN_OBJC_LITERAL_CONVERSION = YES;
				CLANG_WARN_OBJC_ROOT_CLASS = YES_ERROR;
				CLANG_WARN_QUOTED_INCLUDE_IN_FRAMEWORK_HEADER = YES;
				CLANG_WARN_RANGE_LOOP_ANALYSIS = YES;
				CLANG_WARN_STRICT_PROTOTYPES = YES;
				CLANG_WARN_SUSPICIOUS_MOVE = YES;
				CLANG_WARN_UNGUARDED_AVAILABILITY = YES_AGGRESSIVE;
				CLANG_WARN_UNREACHABLE_CODE = YES;
				CLANG_WARN__DUPLICATE_METHOD_MATCH = YES;
				COPY_PHASE_STRIP = NO;
				DEBUG_INFORMATION_FORMAT = "dwarf-with-dsym";
				ENABLE_NS_ASSERTIONS = NO;
				ENABLE_STRICT_OBJC_MSGSEND = YES;
				GCC_C_LANGUAGE_STANDARD = gnu11;
				GCC_NO_COMMON_BLOCKS = YES;
				GCC_WARN_64_TO_32_BIT_CONVERSION = YES;
				GCC_WARN_ABOUT_RETURN_TYPE = YES_ERROR;
				GCC_WARN_UNDECLARED_SELECTOR = YES;
				GCC_WARN_UNINITIALIZED_AUTOS = YES_AGGRESSIVE;
				GCC_WARN_UNUSED_FUNCTION = YES;
				GCC_WARN_UNUSED_VARIABLE = YES;
				MACOSX_DEPLOYMENT_TARGET = 11.3;
				MTL_ENABLE_DEBUG_INFO = NO;
				MTL_FAST_MATH = YES;
				SDKROOT = macosx;
				SWIFT_COMPILATION_MODE = wholemodule;
				SWIFT_OPTIMIZATION_LEVEL = "-O";
			};
			name = Release;
		};
		7DAFCDCF26DD98AA006A68F4 /* Debug */ = {
			isa = XCBuildConfiguration;
			buildSettings = {
				ASSETCATALOG_COMPILER_APPICON_NAME = AppIcon;
				ASSETCATALOG_COMPILER_GLOBAL_ACCENT_COLOR_NAME = AccentColor;
				CODE_SIGN_ENTITLEMENTS = UsingARenderPipelineToRenderPrimitives/UsingARenderPipelineToRenderPrimitives.entitlements;
				CODE_SIGN_STYLE = Automatic;
				COMBINE_HIDPI_IMAGES = YES;
				DEVELOPMENT_TEAM = Q2N4A2LNJ8;
				ENABLE_HARDENED_RUNTIME = YES;
				INFOPLIST_FILE = UsingARenderPipelineToRenderPrimitives/Info.plist;
				LD_RUNPATH_SEARCH_PATHS = (
					"$(inherited)",
					"@executable_path/../Frameworks",
				);
				PRODUCT_BUNDLE_IDENTIFIER = com.huiping.UsingARenderPipelineToRenderPrimitives;
				PRODUCT_NAME = "$(TARGET_NAME)";
				SWIFT_VERSION = 5.0;
			};
			name = Debug;
		};
		7DAFCDD026DD98AA006A68F4 /* Release */ = {
			isa = XCBuildConfiguration;
			buildSettings = {
				ASSETCATALOG_COMPILER_APPICON_NAME = AppIcon;
				ASSETCATALOG_COMPILER_GLOBAL_ACCENT_COLOR_NAME = AccentColor;
				CODE_SIGN_ENTITLEMENTS = UsingARenderPipelineToRenderPrimitives/UsingARenderPipelineToRenderPrimitives.entitlements;
				CODE_SIGN_STYLE = Automatic;
				COMBINE_HIDPI_IMAGES = YES;
				DEVELOPMENT_TEAM = Q2N4A2LNJ8;
				ENABLE_HARDENED_RUNTIME = YES;
				INFOPLIST_FILE = UsingARenderPipelineToRenderPrimitives/Info.plist;
				LD_RUNPATH_SEARCH_PATHS = (
					"$(inherited)",
					"@executable_path/../Frameworks",
				);
				PRODUCT_BUNDLE_IDENTIFIER = com.huiping.UsingARenderPipelineToRenderPrimitives;
				PRODUCT_NAME = "$(TARGET_NAME)";
				SWIFT_VERSION = 5.0;
			};
			name = Release;
		};
/* End XCBuildConfiguration section */

/* Begin XCConfigurationList section */
		7DAFCDB926DD98A9006A68F4 /* Build configuration list for PBXProject "UsingARenderPipelineToRenderPrimitives" */ = {
			isa = XCConfigurationList;
			buildConfigurations = (
				7DAFCDCC26DD98AA006A68F4 /* Debug */,
				7DAFCDCD26DD98AA006A68F4 /* Release */,
			);
			defaultConfigurationIsVisible = 0;
			defaultConfigurationName = Release;
		};
		7DAFCDCE26DD98AA006A68F4 /* Build configuration list for PBXNativeTarget "UsingARenderPipelineToRenderPrimitives" */ = {
			isa = XCConfigurationList;
			buildConfigurations = (
				7DAFCDCF26DD98AA006A68F4 /* Debug */,
				7DAFCDD026DD98AA006A68F4 /* Release */,
			);
			defaultConfigurationIsVisible = 0;
			defaultConfigurationName = Release;
		};
/* End XCConfigurationList section */
	};
	rootObject = 7DAFCDB626DD98A9006A68F4 /* Project object */;
}
